
Microsoft Visual Studio Solution File, Format Version 12.00
# Visual Studio Version 16
VisualStudioVersion = 16.0.31129.286
MinimumVisualStudioVersion = 10.0.40219.1
Project("{FAE04EC0-301F-11D3-BF4B-00C04F79EFBC}") = "InvoiceCalculator", "InvoiceCalculator.csproj", "{E1B8166D-835C-4BF6-A705-04B85394F266}"
EndProject
Global
	GlobalSection(SolutionConfigurationPlatforms) = preSolution
		Debug|Any CPU = Debug|Any CPU
		Release|Any CPU = Release|Any CPU
	EndGlobalSection
	GlobalSection(ProjectConfigurationPlatforms) = postSolution
		{E1B8166D-835C-4BF6-A705-04B85394F266}.Debug|Any CPU.ActiveCfg = Debug|Any CPU
		{E1B8166D-835C-4BF6-A705-04B85394F266}.Debug|Any CPU.Build.0 = Debug|Any CPU
		{E1B8166D-835C-4BF6-A705-04B85394F266}.Release|Any CPU.ActiveCfg = Release|Any CPU
		{E1B8166D-835C-4BF6-A705-04B85394F266}.Release|Any CPU.Build.0 = Release|Any CPU
	EndGlobalSection
	GlobalSection(SolutionProperties) = preSolution
		HideSolutionNode = FALSE
	EndGlobalSection
	GlobalSection(ExtensibilityGlobals) = postSolution
		SolutionGuid = {40113732-B1DC-4FAC-898C-44BC3F71FEBB}
	EndGlobalSection
EndGlobal
